
Microsoft Visual Studio Solution File, Format Version 12.00
# Visual Studio Version 17
VisualStudioVersion = 17.14.36221.1 d17.14
MinimumVisualStudioVersion = 10.0.40219.1
Project("{FAE04EC0-301F-11D3-BF4B-00C04F79EFBC}") = "NegativoOuPositivo", "NegativoOuPositivo.csproj", "{E51898C0-75F6-4693-9539-64FA1FDA235D}"
EndProject
Global
	GlobalSection(SolutionConfigurationPlatforms) = preSolution
		Debug|Any CPU = Debug|Any CPU
		Release|Any CPU = Release|Any CPU
	EndGlobalSection
	GlobalSection(ProjectConfigurationPlatforms) = postSolution
		{E51898C0-75F6-4693-9539-64FA1FDA235D}.Debug|Any CPU.ActiveCfg = Debug|Any CPU
		{E51898C0-75F6-4693-9539-64FA1FDA235D}.Debug|Any CPU.Build.0 = Debug|Any CPU
		{E51898C0-75F6-4693-9539-64FA1FDA235D}.Release|Any CPU.ActiveCfg = Release|Any CPU
		{E51898C0-75F6-4693-9539-64FA1FDA235D}.Release|Any CPU.Build.0 = Release|Any CPU
	EndGlobalSection
	GlobalSection(SolutionProperties) = preSolution
		HideSolutionNode = FALSE
	EndGlobalSection
	GlobalSection(ExtensibilityGlobals) = postSolution
		SolutionGuid = {1D76C9E5-85CF-4DA7-B1C9-7FF18467F724}
	EndGlobalSection
EndGlobal
